// !$*UTF8*$!
{
	archiveVersion = 1;
	classes = {
	};
	objectVersion = 46;
	objects = {

/* Begin PBXBuildFile section */
		F35797081CD7037200F737F2 /* Scanner.cpp in Sources */ = {isa = PBXBuildFile; fileRef = F35797061CD7037200F737F2 /* Scanner.cpp */; };
		F391548E1CD4D14A002C67F0 /* main.cpp in Sources */ = {isa = PBXBuildFile; fileRef = F391548D1CD4D14A002C67F0 /* main.cpp */; };
		F39154961CD4D9CE002C67F0 /* SpecialBuffer.cpp in Sources */ = {isa = PBXBuildFile; fileRef = F39154941CD4D9CE002C67F0 /* SpecialBuffer.cpp */; };
		F39154991CD4DB64002C67F0 /* Token.cpp in Sources */ = {isa = PBXBuildFile; fileRef = F39154971CD4DB64002C67F0 /* Token.cpp */; };
/* End PBXBuildFile section */

/* Begin PBXCopyFilesBuildPhase section */
		F39154881CD4D14A002C67F0 /* CopyFiles */ = {
			isa = PBXCopyFilesBuildPhase;
			buildActionMask = 2147483647;
			dstPath = /usr/share/man/man1/;
			dstSubfolderSpec = 0;
			files = (
			);
			runOnlyForDeploymentPostprocessing = 1;
		};
/* End PBXCopyFilesBuildPhase section */

/* Begin PBXFileReference section */
		F35797061CD7037200F737F2 /* Scanner.cpp */ = {isa = PBXFileReference; fileEncoding = 4; lastKnownFileType = sourcecode.cpp.cpp; path = Scanner.cpp; sourceTree = "<group>"; };
		F35797071CD7037200F737F2 /* Scanner.hpp */ = {isa = PBXFileReference; fileEncoding = 4; lastKnownFileType = sourcecode.cpp.h; path = Scanner.hpp; sourceTree = "<group>"; };
		F391548A1CD4D14A002C67F0 /* JavaScanner */ = {isa = PBXFileReference; explicitFileType = "compiled.mach-o.executable"; includeInIndex = 0; path = JavaScanner; sourceTree = BUILT_PRODUCTS_DIR; };
		F391548D1CD4D14A002C67F0 /* main.cpp */ = {isa = PBXFileReference; lastKnownFileType = sourcecode.cpp.cpp; path = main.cpp; sourceTree = "<group>"; };
		F39154941CD4D9CE002C67F0 /* SpecialBuffer.cpp */ = {isa = PBXFileReference; fileEncoding = 4; lastKnownFileType = sourcecode.cpp.cpp; path = "\U001dSpecialBuffer.cpp"; sourceTree = "<group>"; };
		F39154951CD4D9CE002C67F0 /* SpecialBuffer.hpp */ = {isa = PBXFileReference; fileEncoding = 4; lastKnownFileType = sourcecode.cpp.h; path = "\U001dSpecialBuffer.hpp"; sourceTree = "<group>"; };
		F39154971CD4DB64002C67F0 /* Token.cpp */ = {isa = PBXFileReference; fileEncoding = 4; lastKnownFileType = sourcecode.cpp.cpp; path = Token.cpp; sourceTree = "<group>"; };
		F39154981CD4DB64002C67F0 /* Token.hpp */ = {isa = PBXFileReference; fileEncoding = 4; lastKnownFileType = sourcecode.cpp.h; path = Token.hpp; sourceTree = "<group>"; };
		F391549A1CD4DDBC002C67F0 /* PublicDefine.h */ = {isa = PBXFileReference; lastKnownFileType = sourcecode.c.h; path = PublicDefine.h; sourceTree = "<group>"; };
/* End PBXFileReference section */

/* Begin PBXFrameworksBuildPhase section */
		F39154871CD4D14A002C67F0 /* Frameworks */ = {
			isa = PBXFrameworksBuildPhase;
			buildActionMask = 2147483647;
			files = (
			);
			runOnlyForDeploymentPostprocessing = 0;
		};
/* End PBXFrameworksBuildPhase section */

/* Begin PBXGroup section */
		F39154811CD4D14A002C67F0 = {
			isa = PBXGroup;
			children = (
				F391548C1CD4D14A002C67F0 /* JavaScanner */,
				F391548B1CD4D14A002C67F0 /* Products */,
			);
			sourceTree = "<group>";
		};
		F391548B1CD4D14A002C67F0 /* Products */ = {
			isa = PBXGroup;
			children = (
				F391548A1CD4D14A002C67F0 /* JavaScanner */,
			);
			name = Products;
			sourceTree = "<group>";
		};
		F391548C1CD4D14A002C67F0 /* JavaScanner */ = {
			isa = PBXGroup;
			children = (
				F391548D1CD4D14A002C67F0 /* main.cpp */,
				F39154941CD4D9CE002C67F0 /* SpecialBuffer.cpp */,
				F39154951CD4D9CE002C67F0 /* SpecialBuffer.hpp */,
				F39154971CD4DB64002C67F0 /* Token.cpp */,
				F39154981CD4DB64002C67F0 /* Token.hpp */,
				F391549A1CD4DDBC002C67F0 /* PublicDefine.h */,
				F35797061CD7037200F737F2 /* Scanner.cpp */,
				F35797071CD7037200F737F2 /* Scanner.hpp */,
			);
			path = JavaScanner;
			sourceTree = "<group>";
		};
/* End PBXGroup section */

/* Begin PBXNativeTarget section */
		F39154891CD4D14A002C67F0 /* JavaScanner */ = {
			isa = PBXNativeTarget;
			buildConfigurationList = F39154911CD4D14A002C67F0 /* Build configuration list for PBXNativeTarget "JavaScanner" */;
			buildPhases = (
				F39154861CD4D14A002C67F0 /* Sources */,
				F39154871CD4D14A002C67F0 /* Frameworks */,
				F39154881CD4D14A002C67F0 /* CopyFiles */,
			);
			buildRules = (
			);
			dependencies = (
			);
			name = JavaScanner;
			productName = JavaScanner;
			productReference = F391548A1CD4D14A002C67F0 /* JavaScanner */;
			productType = "com.apple.product-type.tool";
		};
/* End PBXNativeTarget section */

/* Begin PBXProject section */
		F39154821CD4D14A002C67F0 /* Project object */ = {
			isa = PBXProject;
			attributes = {
				LastUpgradeCheck = 0730;
				ORGANIZATIONNAME = "靳洪博";
				TargetAttributes = {
					F39154891CD4D14A002C67F0 = {
						CreatedOnToolsVersion = 7.3;
					};
				};
			};
			buildConfigurationList = F39154851CD4D14A002C67F0 /* Build configuration list for PBXProject "JavaScanner" */;
			compatibilityVersion = "Xcode 3.2";
			developmentRegion = English;
			hasScannedForEncodings = 0;
			knownRegions = (
				en,
			);
			mainGroup = F39154811CD4D14A002C67F0;
			productRefGroup = F391548B1CD4D14A002C67F0 /* Products */;
			projectDirPath = "";
			projectRoot = "";
			targets = (
				F39154891CD4D14A002C67F0 /* JavaScanner */,
			);
		};
/* End PBXProject section */

/* Begin PBXSourcesBuildPhase section */
		F39154861CD4D14A002C67F0 /* Sources */ = {
			isa = PBXSourcesBuildPhase;
			buildActionMask = 2147483647;
			files = (
				F39154991CD4DB64002C67F0 /* Token.cpp in Sources */,
				F391548E1CD4D14A002C67F0 /* main.cpp in Sources */,
				F35797081CD7037200F737F2 /* Scanner.cpp in Sources */,
				F39154961CD4D9CE002C67F0 /* SpecialBuffer.cpp in Sources */,
			);
			runOnlyForDeploymentPostprocessing = 0;
		};
/* End PBXSourcesBuildPhase section */

/* Begin XCBuildConfiguration section */
		F391548F1CD4D14A002C67F0 /* Debug */ = {
			isa = XCBuildConfiguration;
			buildSettings = {
				ALWAYS_SEARCH_USER_PATHS = NO;
				CLANG_ANALYZER_NONNULL = YES;
				CLANG_CXX_LANGUAGE_STANDARD = "gnu++0x";
				CLANG_CXX_LIBRARY = "libc++";
				CLANG_ENABLE_MODULES = YES;
				CLANG_ENABLE_OBJC_ARC = YES;
				CLANG_WARN_BOOL_CONVERSION = YES;
				CLANG_WARN_CONSTANT_CONVERSION = YES;
				CLANG_WARN_DIRECT_OBJC_ISA_USAGE = YES_ERROR;
				CLANG_WARN_EMPTY_BODY = YES;
				CLANG_WARN_ENUM_CONVERSION = YES;
				CLANG_WARN_INT_CONVERSION = YES;
				CLANG_WARN_OBJC_ROOT_CLASS = YES_ERROR;
				CLANG_WARN_UNREACHABLE_CODE = YES;
				CLANG_WARN__DUPLICATE_METHOD_MATCH = YES;
				CODE_SIGN_IDENTITY = "-";
				COPY_PHASE_STRIP = NO;
				DEBUG_INFORMATION_FORMAT = dwarf;
				ENABLE_STRICT_OBJC_MSGSEND = YES;
				ENABLE_TESTABILITY = YES;
				GCC_C_LANGUAGE_STANDARD = gnu99;
				GCC_DYNAMIC_NO_PIC = NO;
				GCC_NO_COMMON_BLOCKS = YES;
				GCC_OPTIMIZATION_LEVEL = 0;
				GCC_PREPROCESSOR_DEFINITIONS = (
					"DEBUG=1",
					"$(inherited)",
				);
				GCC_WARN_64_TO_32_BIT_CONVERSION = YES;
				GCC_WARN_ABOUT_RETURN_TYPE = YES_ERROR;
				GCC_WARN_UNDECLARED_SELECTOR = YES;
				GCC_WARN_UNINITIALIZED_AUTOS = YES_AGGRESSIVE;
				GCC_WARN_UNUSED_FUNCTION = YES;
				GCC_WARN_UNUSED_VARIABLE = YES;
				MACOSX_DEPLOYMENT_TARGET = 10.11;
				MTL_ENABLE_DEBUG_INFO = YES;
				ONLY_ACTIVE_ARCH = YES;
				SDKROOT = macosx;
			};
			name = Debug;
		};
		F39154901CD4D14A002C67F0 /* Release */ = {
			isa = XCBuildConfiguration;
			buildSettings = {
				ALWAYS_SEARCH_USER_PATHS = NO;
				CLANG_ANALYZER_NONNULL = YES;
				CLANG_CXX_LANGUAGE_STANDARD = "gnu++0x";
				CLANG_CXX_LIBRARY = "libc++";
				CLANG_ENABLE_MODULES = YES;
				CLANG_ENABLE_OBJC_ARC = YES;
				CLANG_WARN_BOOL_CONVERSION = YES;
				CLANG_WARN_CONSTANT_CONVERSION = YES;
				CLANG_WARN_DIRECT_OBJC_ISA_USAGE = YES_ERROR;
				CLANG_WARN_EMPTY_BODY = YES;
				CLANG_WARN_ENUM_CONVERSION = YES;
				CLANG_WARN_INT_CONVERSION = YES;
				CLANG_WARN_OBJC_ROOT_CLASS = YES_ERROR;
				CLANG_WARN_UNREACHABLE_CODE = YES;
				CLANG_WARN__DUPLICATE_METHOD_MATCH = YES;
				CODE_SIGN_IDENTITY = "-";
				COPY_PHASE_STRIP = NO;
				DEBUG_INFORMATION_FORMAT = "dwarf-with-dsym";
				ENABLE_NS_ASSERTIONS = NO;
				ENABLE_STRICT_OBJC_MSGSEND = YES;
				GCC_C_LANGUAGE_STANDARD = gnu99;
				GCC_NO_COMMON_BLOCKS = YES;
				GCC_WARN_64_TO_32_BIT_CONVERSION = YES;
				GCC_WARN_ABOUT_RETURN_TYPE = YES_ERROR;
				GCC_WARN_UNDECLARED_SELECTOR = YES;
				GCC_WARN_UNINITIALIZED_AUTOS = YES_AGGRESSIVE;
				GCC_WARN_UNUSED_FUNCTION = YES;
				GCC_WARN_UNUSED_VARIABLE = YES;
				MACOSX_DEPLOYMENT_TARGET = 10.11;
				MTL_ENABLE_DEBUG_INFO = NO;
				SDKROOT = macosx;
			};
			name = Release;
		};
		F39154921CD4D14A002C67F0 /* Debug */ = {
			isa = XCBuildConfiguration;
			buildSettings = {
				PRODUCT_NAME = "$(TARGET_NAME)";
			};
			name = Debug;
		};
		F39154931CD4D14A002C67F0 /* Release */ = {
			isa = XCBuildConfiguration;
			buildSettings = {
				PRODUCT_NAME = "$(TARGET_NAME)";
			};
			name = Release;
		};
/* End XCBuildConfiguration section */

/* Begin XCConfigurationList section */
		F39154851CD4D14A002C67F0 /* Build configuration list for PBXProject "JavaScanner" */ = {
			isa = XCConfigurationList;
			buildConfigurations = (
				F391548F1CD4D14A002C67F0 /* Debug */,
				F39154901CD4D14A002C67F0 /* Release */,
			);
			defaultConfigurationIsVisible = 0;
			defaultConfigurationName = Release;
		};
		F39154911CD4D14A002C67F0 /* Build configuration list for PBXNativeTarget "JavaScanner" */ = {
			isa = XCConfigurationList;
			buildConfigurations = (
				F39154921CD4D14A002C67F0 /* Debug */,
				F39154931CD4D14A002C67F0 /* Release */,
			);
			defaultConfigurationIsVisible = 0;
			defaultConfigurationName = Release;
		};
/* End XCConfigurationList section */
	};
	rootObject = F39154821CD4D14A002C67F0 /* Project object */;
}
